
Microsoft Visual Studio Solution File, Format Version 12.00
# Visual Studio Version 17
VisualStudioVersion = 17.4.33205.214
MinimumVisualStudioVersion = 10.0.40219.1
Project("{FAE04EC0-301F-11D3-BF4B-00C04F79EFBC}") = "ModernCodingMatrix", "ModernCodingMatrix\ModernCodingMatrix.csproj", "{A7C3158D-F2FA-4D7D-B6C1-5F1FC1E6739B}"
EndProject
Project("{FAE04EC0-301F-11D3-BF4B-00C04F79EFBC}") = "MatrixTest", "MatrixTest\MatrixTest.csproj", "{5E85A432-C435-4E73-B30A-967BC0ACB304}"
EndProject
Global
	GlobalSection(SolutionConfigurationPlatforms) = preSolution
		Debug|Any CPU = Debug|Any CPU
		Release|Any CPU = Release|Any CPU
	EndGlobalSection
	GlobalSection(ProjectConfigurationPlatforms) = postSolution
		{A7C3158D-F2FA-4D7D-B6C1-5F1FC1E6739B}.Debug|Any CPU.ActiveCfg = Debug|Any CPU
		{A7C3158D-F2FA-4D7D-B6C1-5F1FC1E6739B}.Debug|Any CPU.Build.0 = Debug|Any CPU
		{A7C3158D-F2FA-4D7D-B6C1-5F1FC1E6739B}.Release|Any CPU.ActiveCfg = Release|Any CPU
		{A7C3158D-F2FA-4D7D-B6C1-5F1FC1E6739B}.Release|Any CPU.Build.0 = Release|Any CPU
		{5E85A432-C435-4E73-B30A-967BC0ACB304}.Debug|Any CPU.ActiveCfg = Debug|Any CPU
		{5E85A432-C435-4E73-B30A-967BC0ACB304}.Debug|Any CPU.Build.0 = Debug|Any CPU
		{5E85A432-C435-4E73-B30A-967BC0ACB304}.Release|Any CPU.ActiveCfg = Release|Any CPU
		{5E85A432-C435-4E73-B30A-967BC0ACB304}.Release|Any CPU.Build.0 = Release|Any CPU
	EndGlobalSection
	GlobalSection(SolutionProperties) = preSolution
		HideSolutionNode = FALSE
	EndGlobalSection
	GlobalSection(ExtensibilityGlobals) = postSolution
		SolutionGuid = {1B3B8EEE-807A-4DA4-AF21-E971F4E3A85A}
	EndGlobalSection
EndGlobal
